
Microsoft Visual Studio Solution File, Format Version 12.00
# Visual Studio Version 16
VisualStudioVersion = 16.0.29209.152
MinimumVisualStudioVersion = 10.0.40219.1
Project("{FAE04EC0-301F-11D3-BF4B-00C04F79EFBC}") = "investigating-reversing-2", "investigating-reversing-2.csproj", "{B1E29293-59D0-4A5D-9F58-057339841FA0}"
EndProject
Global
	GlobalSection(SolutionConfigurationPlatforms) = preSolution
		Debug|Any CPU = Debug|Any CPU
		Release|Any CPU = Release|Any CPU
	EndGlobalSection
	GlobalSection(ProjectConfigurationPlatforms) = postSolution
		{B1E29293-59D0-4A5D-9F58-057339841FA0}.Debug|Any CPU.ActiveCfg = Debug|Any CPU
		{B1E29293-59D0-4A5D-9F58-057339841FA0}.Debug|Any CPU.Build.0 = Debug|Any CPU
		{B1E29293-59D0-4A5D-9F58-057339841FA0}.Release|Any CPU.ActiveCfg = Release|Any CPU
		{B1E29293-59D0-4A5D-9F58-057339841FA0}.Release|Any CPU.Build.0 = Release|Any CPU
	EndGlobalSection
	GlobalSection(SolutionProperties) = preSolution
		HideSolutionNode = FALSE
	EndGlobalSection
	GlobalSection(ExtensibilityGlobals) = postSolution
		SolutionGuid = {3E9054CC-0AFD-490C-8431-6BC0F4AAF21E}
	EndGlobalSection
EndGlobal
