
Microsoft Visual Studio Solution File, Format Version 12.00
# Visual Studio Version 16
VisualStudioVersion = 16.0.29209.152
MinimumVisualStudioVersion = 10.0.40219.1
Project("{FAE04EC0-301F-11D3-BF4B-00C04F79EFBC}") = "VaultDoor8", "VaultDoor8.csproj", "{C849033D-D9D4-43D5-84C7-68E8E6529786}"
EndProject
Global
	GlobalSection(SolutionConfigurationPlatforms) = preSolution
		Debug|Any CPU = Debug|Any CPU
		Release|Any CPU = Release|Any CPU
	EndGlobalSection
	GlobalSection(ProjectConfigurationPlatforms) = postSolution
		{C849033D-D9D4-43D5-84C7-68E8E6529786}.Debug|Any CPU.ActiveCfg = Debug|Any CPU
		{C849033D-D9D4-43D5-84C7-68E8E6529786}.Debug|Any CPU.Build.0 = Debug|Any CPU
		{C849033D-D9D4-43D5-84C7-68E8E6529786}.Release|Any CPU.ActiveCfg = Release|Any CPU
		{C849033D-D9D4-43D5-84C7-68E8E6529786}.Release|Any CPU.Build.0 = Release|Any CPU
	EndGlobalSection
	GlobalSection(SolutionProperties) = preSolution
		HideSolutionNode = FALSE
	EndGlobalSection
	GlobalSection(ExtensibilityGlobals) = postSolution
		SolutionGuid = {405F54B4-7C31-4018-BCAD-B08C8D7081C1}
	EndGlobalSection
EndGlobal
