
Microsoft Visual Studio Solution File, Format Version 12.00
# Visual Studio Version 16
VisualStudioVersion = 16.0.29209.152
MinimumVisualStudioVersion = 10.0.40219.1
Project("{FAE04EC0-301F-11D3-BF4B-00C04F79EFBC}") = "investigative-reversing-4", "investigative-reversing-4.csproj", "{FFFB8319-E636-472F-86C3-E2D6B428B200}"
EndProject
Global
	GlobalSection(SolutionConfigurationPlatforms) = preSolution
		Debug|Any CPU = Debug|Any CPU
		Release|Any CPU = Release|Any CPU
	EndGlobalSection
	GlobalSection(ProjectConfigurationPlatforms) = postSolution
		{FFFB8319-E636-472F-86C3-E2D6B428B200}.Debug|Any CPU.ActiveCfg = Debug|Any CPU
		{FFFB8319-E636-472F-86C3-E2D6B428B200}.Debug|Any CPU.Build.0 = Debug|Any CPU
		{FFFB8319-E636-472F-86C3-E2D6B428B200}.Release|Any CPU.ActiveCfg = Release|Any CPU
		{FFFB8319-E636-472F-86C3-E2D6B428B200}.Release|Any CPU.Build.0 = Release|Any CPU
	EndGlobalSection
	GlobalSection(SolutionProperties) = preSolution
		HideSolutionNode = FALSE
	EndGlobalSection
	GlobalSection(ExtensibilityGlobals) = postSolution
		SolutionGuid = {E0AD55CD-D926-4191-BC3F-0E0FA8BE3C77}
	EndGlobalSection
EndGlobal
